PATH
  remote: .
  specs:
    prismic.io (1.9.0)

GEM
  remote: https://rubygems.org/
  specs:
    diff-lcs (1.6.2)
    mini_portile2 (2.8.9)
    nokogiri (1.19.4)
      mini_portile2 (~> 2.8.2)
      racc (~> 1.4)
    nokogiri (1.19.4-java)
      racc (~> 1.4)
    nokogiri (1.19.4-x86_64-darwin)
      racc (~> 1.4)
    nokogiri (1.19.4-x86_64-linux-gnu)
      racc (~> 1.4)
    racc (1.8.1)
    racc (1.8.1-java)
    rspec (3.13.2)
      rspec-core (~> 3.13.0)
      rspec-expectations (~> 3.13.0)
      rspec-mocks (~> 3.13.0)
    rspec-core (3.13.6)
      rspec-support (~> 3.13.0)
    rspec-expectations (3.13.5)
      diff-lcs (>= 1.2.0, < 2.0)
      rspec-support (~> 3.13.0)
    rspec-mocks (3.13.8)
      diff-lcs (>= 1.2.0, < 2.0)
      rspec-support (~> 3.13.0)
    rspec-support (3.13.7)

PLATFORMS
  java
  ruby
  x86_64-darwin-19
  x86_64-linux

DEPENDENCIES
  nokogiri
  prismic.io!
  rspec
  rspec-core

BUNDLED WITH
  4.0.12
